{
  "name": "trust-cert",
  "version": "0.0.0",
  "lockfileVersion": 1,
  "requires": true,
  "dependencies": {
    "@types/which": {
      "version": "1.3.1",
      "resolved": "https://registry.npmjs.org/@types/which/-/which-1.3.1.tgz",
      "integrity": "sha512-ZrJDWpvg75LTGX4XwuneY9s6bF3OeZcGTpoGh3zDV9ytzcHMFsRrMIaLBRJZQMBoGyKs6unBQfVdrLZiYfb1zQ==",
      "dev": true
    }
  }
}
